
Microsoft Visual Studio Solution File, Format Version 12.00
# Visual Studio Version 17
VisualStudioVersion = 17.10.35122.118
MinimumVisualStudioVersion = 10.0.40219.1
Project("{FAE04EC0-301F-11D3-BF4B-00C04F79EFBC}") = "quizGame", "quizGame.csproj", "{742A72D6-D616-4591-9B70-4264685B3E83}"
EndProject
Global
	GlobalSection(SolutionConfigurationPlatforms) = preSolution
		Debug|Any CPU = Debug|Any CPU
		Release|Any CPU = Release|Any CPU
	EndGlobalSection
	GlobalSection(ProjectConfigurationPlatforms) = postSolution
		{742A72D6-D616-4591-9B70-4264685B3E83}.Debug|Any CPU.ActiveCfg = Debug|Any CPU
		{742A72D6-D616-4591-9B70-4264685B3E83}.Debug|Any CPU.Build.0 = Debug|Any CPU
		{742A72D6-D616-4591-9B70-4264685B3E83}.Release|Any CPU.ActiveCfg = Release|Any CPU
		{742A72D6-D616-4591-9B70-4264685B3E83}.Release|Any CPU.Build.0 = Release|Any CPU
	EndGlobalSection
	GlobalSection(SolutionProperties) = preSolution
		HideSolutionNode = FALSE
	EndGlobalSection
	GlobalSection(ExtensibilityGlobals) = postSolution
		SolutionGuid = {C98D81A1-0C15-41D3-8A40-3BA725EC9989}
	EndGlobalSection
EndGlobal
